// !$*UTF8*$!
{
	archiveVersion = 1;
	classes = {
	};
	objectVersion = 55;
	objects = {

/* Begin PBXBuildFile section */
		CEBE8A95287A1B5400AC37C5 /* CardGamesApp.swift in Sources */ = {isa = PBXBuildFile; fileRef = CEBE8A85287A1B5300AC37C5 /* CardGamesApp.swift */; };
		CEBE8A96287A1B5400AC37C5 /* CardGamesApp.swift in Sources */ = {isa = PBXBuildFile; fileRef = CEBE8A85287A1B5300AC37C5 /* CardGamesApp.swift */; };
		CEBE8A97287A1B5400AC37C5 /* ContentView.swift in Sources */ = {isa = PBXBuildFile; fileRef = CEBE8A86287A1B5300AC37C5 /* ContentView.swift */; };
		CEBE8A98287A1B5400AC37C5 /* ContentView.swift in Sources */ = {isa = PBXBuildFile; fileRef = CEBE8A86287A1B5300AC37C5 /* ContentView.swift */; };
		CEBE8A99287A1B5400AC37C5 /* Assets.xcassets in Resources */ = {isa = PBXBuildFile; fileRef = CEBE8A87287A1B5400AC37C5 /* Assets.xcassets */; };
		CEBE8A9A287A1B5400AC37C5 /* Assets.xcassets in Resources */ = {isa = PBXBuildFile; fileRef = CEBE8A87287A1B5400AC37C5 /* Assets.xcassets */; };
		CEBE8AA6287A1CA600AC37C5 /* CardGamesProtocols.swift in Sources */ = {isa = PBXBuildFile; fileRef = CEBE8AA5287A1CA600AC37C5 /* CardGamesProtocols.swift */; };
		CEBE8AA7287A1CA600AC37C5 /* CardGamesProtocols.swift in Sources */ = {isa = PBXBuildFile; fileRef = CEBE8AA5287A1CA600AC37C5 /* CardGamesProtocols.swift */; };
		CEBE8AA9287A209900AC37C5 /* Solitare.swift in Sources */ = {isa = PBXBuildFile; fileRef = CEBE8AA8287A209900AC37C5 /* Solitare.swift */; };
		CEBE8AAA287A209900AC37C5 /* Solitare.swift in Sources */ = {isa = PBXBuildFile; fileRef = CEBE8AA8287A209900AC37C5 /* Solitare.swift */; };
		CEBE8AAF287A3E9700AC37C5 /* PlayingCard.swift in Sources */ = {isa = PBXBuildFile; fileRef = CEBE8AAE287A3E9700AC37C5 /* PlayingCard.swift */; };
		CEBE8AB0287A3E9700AC37C5 /* PlayingCard.swift in Sources */ = {isa = PBXBuildFile; fileRef = CEBE8AAE287A3E9700AC37C5 /* PlayingCard.swift */; };
		CEBE8AB2287A426300AC37C5 /* PlayingCardView.swift in Sources */ = {isa = PBXBuildFile; fileRef = CEBE8AB1287A426300AC37C5 /* PlayingCardView.swift */; };
		CEBE8AB3287A426300AC37C5 /* PlayingCardView.swift in Sources */ = {isa = PBXBuildFile; fileRef = CEBE8AB1287A426300AC37C5 /* PlayingCardView.swift */; };
/* End PBXBuildFile section */

/* Begin PBXFileReference section */
		CEBE8A85287A1B5300AC37C5 /* CardGamesApp.swift */ = {isa = PBXFileReference; lastKnownFileType = sourcecode.swift; path = CardGamesApp.swift; sourceTree = "<group>"; };
		CEBE8A86287A1B5300AC37C5 /* ContentView.swift */ = {isa = PBXFileReference; lastKnownFileType = sourcecode.swift; path = ContentView.swift; sourceTree = "<group>"; };
		CEBE8A87287A1B5400AC37C5 /* Assets.xcassets */ = {isa = PBXFileReference; lastKnownFileType = folder.assetcatalog; path = Assets.xcassets; sourceTree = "<group>"; };
		CEBE8A8C287A1B5400AC37C5 /* CardGames.app */ = {isa = PBXFileReference; explicitFileType = wrapper.application; includeInIndex = 0; path = CardGames.app; sourceTree = BUILT_PRODUCTS_DIR; };
		CEBE8A92287A1B5400AC37C5 /* CardGames.app */ = {isa = PBXFileReference; explicitFileType = wrapper.application; includeInIndex = 0; path = CardGames.app; sourceTree = BUILT_PRODUCTS_DIR; };
		CEBE8A94287A1B5400AC37C5 /* macOS.entitlements */ = {isa = PBXFileReference; lastKnownFileType = text.plist.entitlements; path = macOS.entitlements; sourceTree = "<group>"; };
		CEBE8AA5287A1CA600AC37C5 /* CardGamesProtocols.swift */ = {isa = PBXFileReference; lastKnownFileType = sourcecode.swift; path = CardGamesProtocols.swift; sourceTree = "<group>"; };
		CEBE8AA8287A209900AC37C5 /* Solitare.swift */ = {isa = PBXFileReference; lastKnownFileType = sourcecode.swift; path = Solitare.swift; sourceTree = "<group>"; };
		CEBE8AAE287A3E9700AC37C5 /* PlayingCard.swift */ = {isa = PBXFileReference; lastKnownFileType = sourcecode.swift; path = PlayingCard.swift; sourceTree = "<group>"; };
		CEBE8AB1287A426300AC37C5 /* PlayingCardView.swift */ = {isa = PBXFileReference; lastKnownFileType = sourcecode.swift; path = PlayingCardView.swift; sourceTree = "<group>"; };
/* End PBXFileReference section */

/* Begin PBXFrameworksBuildPhase section */
		CEBE8A89287A1B5400AC37C5 /* Frameworks */ = {
			isa = PBXFrameworksBuildPhase;
			buildActionMask = 2147483647;
			files = (
			);
			runOnlyForDeploymentPostprocessing = 0;
		};
		CEBE8A8F287A1B5400AC37C5 /* Frameworks */ = {
			isa = PBXFrameworksBuildPhase;
			buildActionMask = 2147483647;
			files = (
			);
			runOnlyForDeploymentPostprocessing = 0;
		};
/* End PBXFrameworksBuildPhase section */

/* Begin PBXGroup section */
		CEBE8A7F287A1B5300AC37C5 = {
			isa = PBXGroup;
			children = (
				CEBE8AA4287A1C7B00AC37C5 /* ViewModels */,
				CEBE8AA3287A1C1900AC37C5 /* Views */,
				CEBE8A84287A1B5300AC37C5 /* Shared */,
				CEBE8A93287A1B5400AC37C5 /* macOS */,
				CEBE8A8D287A1B5400AC37C5 /* Products */,
			);
			sourceTree = "<group>";
		};
		CEBE8A84287A1B5300AC37C5 /* Shared */ = {
			isa = PBXGroup;
			children = (
				CEBE8A85287A1B5300AC37C5 /* CardGamesApp.swift */,
				CEBE8A86287A1B5300AC37C5 /* ContentView.swift */,
				CEBE8A87287A1B5400AC37C5 /* Assets.xcassets */,
			);
			path = Shared;
			sourceTree = "<group>";
		};
		CEBE8A8D287A1B5400AC37C5 /* Products */ = {
			isa = PBXGroup;
			children = (
				CEBE8A8C287A1B5400AC37C5 /* CardGames.app */,
				CEBE8A92287A1B5400AC37C5 /* CardGames.app */,
			);
			name = Products;
			sourceTree = "<group>";
		};
		CEBE8A93287A1B5400AC37C5 /* macOS */ = {
			isa = PBXGroup;
			children = (
				CEBE8A94287A1B5400AC37C5 /* macOS.entitlements */,
			);
			path = macOS;
			sourceTree = "<group>";
		};
		CEBE8AA3287A1C1900AC37C5 /* Views */ = {
			isa = PBXGroup;
			children = (
				CEBE8AB1287A426300AC37C5 /* PlayingCardView.swift */,
			);
			path = Views;
			sourceTree = "<group>";
		};
		CEBE8AA4287A1C7B00AC37C5 /* ViewModels */ = {
			isa = PBXGroup;
			children = (
				CEBE8AA5287A1CA600AC37C5 /* CardGamesProtocols.swift */,
				CEBE8AA8287A209900AC37C5 /* Solitare.swift */,
				CEBE8AAE287A3E9700AC37C5 /* PlayingCard.swift */,
			);
			path = ViewModels;
			sourceTree = "<group>";
		};
/* End PBXGroup section */

/* Begin PBXNativeTarget section */
		CEBE8A8B287A1B5400AC37C5 /* CardGames (iOS) */ = {
			isa = PBXNativeTarget;
			buildConfigurationList = CEBE8A9D287A1B5400AC37C5 /* Build configuration list for PBXNativeTarget "CardGames (iOS)" */;
			buildPhases = (
				CEBE8A88287A1B5400AC37C5 /* Sources */,
				CEBE8A89287A1B5400AC37C5 /* Frameworks */,
				CEBE8A8A287A1B5400AC37C5 /* Resources */,
			);
			buildRules = (
			);
			dependencies = (
			);
			name = "CardGames (iOS)";
			productName = "CardGames (iOS)";
			productReference = CEBE8A8C287A1B5400AC37C5 /* CardGames.app */;
			productType = "com.apple.product-type.application";
		};
		CEBE8A91287A1B5400AC37C5 /* CardGames (macOS) */ = {
			isa = PBXNativeTarget;
			buildConfigurationList = CEBE8AA0287A1B5400AC37C5 /* Build configuration list for PBXNativeTarget "CardGames (macOS)" */;
			buildPhases = (
				CEBE8A8E287A1B5400AC37C5 /* Sources */,
				CEBE8A8F287A1B5400AC37C5 /* Frameworks */,
				CEBE8A90287A1B5400AC37C5 /* Resources */,
			);
			buildRules = (
			);
			dependencies = (
			);
			name = "CardGames (macOS)";
			productName = "CardGames (macOS)";
			productReference = CEBE8A92287A1B5400AC37C5 /* CardGames.app */;
			productType = "com.apple.product-type.application";
		};
/* End PBXNativeTarget section */

/* Begin PBXProject section */
		CEBE8A80287A1B5300AC37C5 /* Project object */ = {
			isa = PBXProject;
			attributes = {
				BuildIndependentTargetsInParallel = 1;
				LastSwiftUpdateCheck = 1340;
				LastUpgradeCheck = 1340;
				TargetAttributes = {
					CEBE8A8B287A1B5400AC37C5 = {
						CreatedOnToolsVersion = 13.4.1;
					};
					CEBE8A91287A1B5400AC37C5 = {
						CreatedOnToolsVersion = 13.4.1;
					};
				};
			};
			buildConfigurationList = CEBE8A83287A1B5300AC37C5 /* Build configuration list for PBXProject "CardGames" */;
			compatibilityVersion = "Xcode 13.0";
			developmentRegion = en;
			hasScannedForEncodings = 0;
			knownRegions = (
				en,
				Base,
			);
			mainGroup = CEBE8A7F287A1B5300AC37C5;
			productRefGroup = CEBE8A8D287A1B5400AC37C5 /* Products */;
			projectDirPath = "";
			projectRoot = "";
			targets = (
				CEBE8A8B287A1B5400AC37C5 /* CardGames (iOS) */,
				CEBE8A91287A1B5400AC37C5 /* CardGames (macOS) */,
			);
		};
/* End PBXProject section */

/* Begin PBXResourcesBuildPhase section */
		CEBE8A8A287A1B5400AC37C5 /* Resources */ = {
			isa = PBXResourcesBuildPhase;
			buildActionMask = 2147483647;
			files = (
				CEBE8A99287A1B5400AC37C5 /* Assets.xcassets in Resources */,
			);
			runOnlyForDeploymentPostprocessing = 0;
		};
		CEBE8A90287A1B5400AC37C5 /* Resources */ = {
			isa = PBXResourcesBuildPhase;
			buildActionMask = 2147483647;
			files = (
				CEBE8A9A287A1B5400AC37C5 /* Assets.xcassets in Resources */,
			);
			runOnlyForDeploymentPostprocessing = 0;
		};
/* End PBXResourcesBuildPhase section */

/* Begin PBXSourcesBuildPhase section */
		CEBE8A88287A1B5400AC37C5 /* Sources */ = {
			isa = PBXSourcesBuildPhase;
			buildActionMask = 2147483647;
			files = (
				CEBE8AAF287A3E9700AC37C5 /* PlayingCard.swift in Sources */,
				CEBE8AB2287A426300AC37C5 /* PlayingCardView.swift in Sources */,
				CEBE8AA9287A209900AC37C5 /* Solitare.swift in Sources */,
				CEBE8A97287A1B5400AC37C5 /* ContentView.swift in Sources */,
				CEBE8AA6287A1CA600AC37C5 /* CardGamesProtocols.swift in Sources */,
				CEBE8A95287A1B5400AC37C5 /* CardGamesApp.swift in Sources */,
			);
			runOnlyForDeploymentPostprocessing = 0;
		};
		CEBE8A8E287A1B5400AC37C5 /* Sources */ = {
			isa = PBXSourcesBuildPhase;
			buildActionMask = 2147483647;
			files = (
				CEBE8AB0287A3E9700AC37C5 /* PlayingCard.swift in Sources */,
				CEBE8AB3287A426300AC37C5 /* PlayingCardView.swift in Sources */,
				CEBE8AAA287A209900AC37C5 /* Solitare.swift in Sources */,
				CEBE8A98287A1B5400AC37C5 /* ContentView.swift in Sources */,
				CEBE8AA7287A1CA600AC37C5 /* CardGamesProtocols.swift in Sources */,
				CEBE8A96287A1B5400AC37C5 /* CardGamesApp.swift in Sources */,
			);
			runOnlyForDeploymentPostprocessing = 0;
		};
/* End PBXSourcesBuildPhase section */

/* Begin XCBuildConfiguration section */
		CEBE8A9B287A1B5400AC37C5 /* Debug */ = {
			isa = XCBuildConfiguration;
			buildSettings = {
				ALWAYS_SEARCH_USER_PATHS = NO;
				CLANG_ANALYZER_NONNULL = YES;
				CLANG_ANALYZER_NUMBER_OBJECT_CONVERSION = YES_AGGRESSIVE;
				CLANG_CXX_LANGUAGE_STANDARD = "gnu++17";
				CLANG_ENABLE_MODULES = YES;
				CLANG_ENABLE_OBJC_ARC = YES;
				CLANG_ENABLE_OBJC_WEAK = YES;
				CLANG_WARN_BLOCK_CAPTURE_AUTORELEASING = YES;
				CLANG_WARN_BOOL_CONVERSION = YES;
				CLANG_WARN_COMMA = YES;
				CLANG_WARN_CONSTANT_CONVERSION = YES;
				CLANG_WARN_DEPRECATED_OBJC_IMPLEMENTATIONS = YES;
				CLANG_WARN_DIRECT_OBJC_ISA_USAGE = YES_ERROR;
				CLANG_WARN_DOCUMENTATION_COMMENTS = YES;
				CLANG_WARN_EMPTY_BODY = YES;
				CLANG_WARN_ENUM_CONVERSION = YES;
				CLANG_WARN_INFINITE_RECURSION = YES;
				CLANG_WARN_INT_CONVERSION = YES;
				CLANG_WARN_NON_LITERAL_NULL_CONVERSION = YES;
				CLANG_WARN_OBJC_IMPLICIT_RETAIN_SELF = YES;
				CLANG_WARN_OBJC_LITERAL_CONVERSION = YES;
				CLANG_WARN_OBJC_ROOT_CLASS = YES_ERROR;
				CLANG_WARN_QUOTED_INCLUDE_IN_FRAMEWORK_HEADER = YES;
				CLANG_WARN_RANGE_LOOP_ANALYSIS = YES;
				CLANG_WARN_STRICT_PROTOTYPES = YES;
				CLANG_WARN_SUSPICIOUS_MOVE = YES;
				CLANG_WARN_UNGUARDED_AVAILABILITY = YES_AGGRESSIVE;
				CLANG_WARN_UNREACHABLE_CODE = YES;
				CLANG_WARN__DUPLICATE_METHOD_MATCH = YES;
				COPY_PHASE_STRIP = NO;
				DEBUG_INFORMATION_FORMAT = dwarf;
				ENABLE_STRICT_OBJC_MSGSEND = YES;
				ENABLE_TESTABILITY = YES;
				GCC_C_LANGUAGE_STANDARD = gnu11;
				GCC_DYNAMIC_NO_PIC = NO;
				GCC_NO_COMMON_BLOCKS = YES;
				GCC_OPTIMIZATION_LEVEL = 0;
				GCC_PREPROCESSOR_DEFINITIONS = (
					"DEBUG=1",
					"$(inherited)",
				);
				GCC_WARN_64_TO_32_BIT_CONVERSION = YES;
				GCC_WARN_ABOUT_RETURN_TYPE = YES_ERROR;
				GCC_WARN_UNDECLARED_SELECTOR = YES;
				GCC_WARN_UNINITIALIZED_AUTOS = YES_AGGRESSIVE;
				GCC_WARN_UNUSED_FUNCTION = YES;
				GCC_WARN_UNUSED_VARIABLE = YES;
				MTL_ENABLE_DEBUG_INFO = INCLUDE_SOURCE;
				MTL_FAST_MATH = YES;
				ONLY_ACTIVE_ARCH = YES;
				SWIFT_ACTIVE_COMPILATION_CONDITIONS = DEBUG;
				SWIFT_OPTIMIZATION_LEVEL = "-Onone";
			};
			name = Debug;
		};
		CEBE8A9C287A1B5400AC37C5 /* Release */ = {
			isa = XCBuildConfiguration;
			buildSettings = {
				ALWAYS_SEARCH_USER_PATHS = NO;
				CLANG_ANALYZER_NONNULL = YES;
				CLANG_ANALYZER_NUMBER_OBJECT_CONVERSION = YES_AGGRESSIVE;
				CLANG_CXX_LANGUAGE_STANDARD = "gnu++17";
				CLANG_ENABLE_MODULES = YES;
				CLANG_ENABLE_OBJC_ARC = YES;
				CLANG_ENABLE_OBJC_WEAK = YES;
				CLANG_WARN_BLOCK_CAPTURE_AUTORELEASING = YES;
				CLANG_WARN_BOOL_CONVERSION = YES;
				CLANG_WARN_COMMA = YES;
				CLANG_WARN_CONSTANT_CONVERSION = YES;
				CLANG_WARN_DEPRECATED_OBJC_IMPLEMENTATIONS = YES;
				CLANG_WARN_DIRECT_OBJC_ISA_USAGE = YES_ERROR;
				CLANG_WARN_DOCUMENTATION_COMMENTS = YES;
				CLANG_WARN_EMPTY_BODY = YES;
				CLANG_WARN_ENUM_CONVERSION = YES;
				CLANG_WARN_INFINITE_RECURSION = YES;
				CLANG_WARN_INT_CONVERSION = YES;
				CLANG_WARN_NON_LITERAL_NULL_CONVERSION = YES;
				CLANG_WARN_OBJC_IMPLICIT_RETAIN_SELF = YES;
				CLANG_WARN_OBJC_LITERAL_CONVERSION = YES;
				CLANG_WARN_OBJC_ROOT_CLASS = YES_ERROR;
				CLANG_WARN_QUOTED_INCLUDE_IN_FRAMEWORK_HEADER = YES;
				CLANG_WARN_RANGE_LOOP_ANALYSIS = YES;
				CLANG_WARN_STRICT_PROTOTYPES = YES;
				CLANG_WARN_SUSPICIOUS_MOVE = YES;
				CLANG_WARN_UNGUARDED_AVAILABILITY = YES_AGGRESSIVE;
				CLANG_WARN_UNREACHABLE_CODE = YES;
				CLANG_WARN__DUPLICATE_METHOD_MATCH = YES;
				COPY_PHASE_STRIP = NO;
				DEBUG_INFORMATION_FORMAT = "dwarf-with-dsym";
				ENABLE_NS_ASSERTIONS = NO;
				ENABLE_STRICT_OBJC_MSGSEND = YES;
				GCC_C_LANGUAGE_STANDARD = gnu11;
				GCC_NO_COMMON_BLOCKS = YES;
				GCC_WARN_64_TO_32_BIT_CONVERSION = YES;
				GCC_WARN_ABOUT_RETURN_TYPE = YES_ERROR;
				GCC_WARN_UNDECLARED_SELECTOR = YES;
				GCC_WARN_UNINITIALIZED_AUTOS = YES_AGGRESSIVE;
				GCC_WARN_UNUSED_FUNCTION = YES;
				GCC_WARN_UNUSED_VARIABLE = YES;
				MTL_ENABLE_DEBUG_INFO = NO;
				MTL_FAST_MATH = YES;
				SWIFT_COMPILATION_MODE = wholemodule;
				SWIFT_OPTIMIZATION_LEVEL = "-O";
			};
			name = Release;
		};
		CEBE8A9E287A1B5400AC37C5 /* Debug */ = {
			isa = XCBuildConfiguration;
			buildSettings = {
				ASSETCATALOG_COMPILER_APPICON_NAME = AppIcon;
				ASSETCATALOG_COMPILER_GLOBAL_ACCENT_COLOR_NAME = AccentColor;
				CODE_SIGN_STYLE = Automatic;
				CURRENT_PROJECT_VERSION = 1;
				DEVELOPMENT_TEAM = KJX3YL6938;
				ENABLE_PREVIEWS = YES;
				GENERATE_INFOPLIST_FILE = YES;
				INFOPLIST_KEY_UIApplicationSceneManifest_Generation = YES;
				INFOPLIST_KEY_UIApplicationSupportsIndirectInputEvents = YES;
				INFOPLIST_KEY_UILaunchScreen_Generation = YES;
				INFOPLIST_KEY_UISupportedInterfaceOrientations_iPad = "UIInterfaceOrientationPortrait UIInterfaceOrientationPortraitUpsideDown UIInterfaceOrientationLandscapeLeft UIInterfaceOrientationLandscapeRight";
				INFOPLIST_KEY_UISupportedInterfaceOrientations_iPhone = "UIInterfaceOrientationPortrait UIInterfaceOrientationLandscapeLeft UIInterfaceOrientationLandscapeRight";
				IPHONEOS_DEPLOYMENT_TARGET = 15.5;
				LD_RUNPATH_SEARCH_PATHS = (
					"$(inherited)",
					"@executable_path/Frameworks",
				);
				MARKETING_VERSION = 1.0;
				PRODUCT_BUNDLE_IDENTIFIER = com.mjolnirTech.CardGames;
				PRODUCT_NAME = CardGames;
				SDKROOT = iphoneos;
				SWIFT_EMIT_LOC_STRINGS = YES;
				SWIFT_VERSION = 5.0;
				TARGETED_DEVICE_FAMILY = "1,2";
			};
			name = Debug;
		};
		CEBE8A9F287A1B5400AC37C5 /* Release */ = {
			isa = XCBuildConfiguration;
			buildSettings = {
				ASSETCATALOG_COMPILER_APPICON_NAME = AppIcon;
				ASSETCATALOG_COMPILER_GLOBAL_ACCENT_COLOR_NAME = AccentColor;
				CODE_SIGN_STYLE = Automatic;
				CURRENT_PROJECT_VERSION = 1;
				DEVELOPMENT_TEAM = KJX3YL6938;
				ENABLE_PREVIEWS = YES;
				GENERATE_INFOPLIST_FILE = YES;
				INFOPLIST_KEY_UIApplicationSceneManifest_Generation = YES;
				INFOPLIST_KEY_UIApplicationSupportsIndirectInputEvents = YES;
				INFOPLIST_KEY_UILaunchScreen_Generation = YES;
				INFOPLIST_KEY_UISupportedInterfaceOrientations_iPad = "UIInterfaceOrientationPortrait UIInterfaceOrientationPortraitUpsideDown UIInterfaceOrientationLandscapeLeft UIInterfaceOrientationLandscapeRight";
				INFOPLIST_KEY_UISupportedInterfaceOrientations_iPhone = "UIInterfaceOrientationPortrait UIInterfaceOrientationLandscapeLeft UIInterfaceOrientationLandscapeRight";
				IPHONEOS_DEPLOYMENT_TARGET = 15.5;
				LD_RUNPATH_SEARCH_PATHS = (
					"$(inherited)",
					"@executable_path/Frameworks",
				);
				MARKETING_VERSION = 1.0;
				PRODUCT_BUNDLE_IDENTIFIER = com.mjolnirTech.CardGames;
				PRODUCT_NAME = CardGames;
				SDKROOT = iphoneos;
				SWIFT_EMIT_LOC_STRINGS = YES;
				SWIFT_VERSION = 5.0;
				TARGETED_DEVICE_FAMILY = "1,2";
				VALIDATE_PRODUCT = YES;
			};
			name = Release;
		};
		CEBE8AA1287A1B5400AC37C5 /* Debug */ = {
			isa = XCBuildConfiguration;
			buildSettings = {
				ASSETCATALOG_COMPILER_APPICON_NAME = AppIcon;
				ASSETCATALOG_COMPILER_GLOBAL_ACCENT_COLOR_NAME = AccentColor;
				CODE_SIGN_ENTITLEMENTS = macOS/macOS.entitlements;
				CODE_SIGN_STYLE = Automatic;
				COMBINE_HIDPI_IMAGES = YES;
				CURRENT_PROJECT_VERSION = 1;
				DEVELOPMENT_TEAM = KJX3YL6938;
				ENABLE_HARDENED_RUNTIME = YES;
				ENABLE_PREVIEWS = YES;
				GENERATE_INFOPLIST_FILE = YES;
				INFOPLIST_KEY_NSHumanReadableCopyright = "";
				LD_RUNPATH_SEARCH_PATHS = (
					"$(inherited)",
					"@executable_path/../Frameworks",
				);
				MACOSX_DEPLOYMENT_TARGET = 12.2;
				MARKETING_VERSION = 1.0;
				PRODUCT_BUNDLE_IDENTIFIER = com.mjolnirTech.CardGames;
				PRODUCT_NAME = CardGames;
				SDKROOT = macosx;
				SWIFT_EMIT_LOC_STRINGS = YES;
				SWIFT_VERSION = 5.0;
			};
			name = Debug;
		};
		CEBE8AA2287A1B5400AC37C5 /* Release */ = {
			isa = XCBuildConfiguration;
			buildSettings = {
				ASSETCATALOG_COMPILER_APPICON_NAME = AppIcon;
				ASSETCATALOG_COMPILER_GLOBAL_ACCENT_COLOR_NAME = AccentColor;
				CODE_SIGN_ENTITLEMENTS = macOS/macOS.entitlements;
				CODE_SIGN_STYLE = Automatic;
				COMBINE_HIDPI_IMAGES = YES;
				CURRENT_PROJECT_VERSION = 1;
				DEVELOPMENT_TEAM = KJX3YL6938;
				ENABLE_HARDENED_RUNTIME = YES;
				ENABLE_PREVIEWS = YES;
				GENERATE_INFOPLIST_FILE = YES;
				INFOPLIST_KEY_NSHumanReadableCopyright = "";
				LD_RUNPATH_SEARCH_PATHS = (
					"$(inherited)",
					"@executable_path/../Frameworks",
				);
				MACOSX_DEPLOYMENT_TARGET = 12.2;
				MARKETING_VERSION = 1.0;
				PRODUCT_BUNDLE_IDENTIFIER = com.mjolnirTech.CardGames;
				PRODUCT_NAME = CardGames;
				SDKROOT = macosx;
				SWIFT_EMIT_LOC_STRINGS = YES;
				SWIFT_VERSION = 5.0;
			};
			name = Release;
		};
/* End XCBuildConfiguration section */

/* Begin XCConfigurationList section */
		CEBE8A83287A1B5300AC37C5 /* Build configuration list for PBXProject "CardGames" */ = {
			isa = XCConfigurationList;
			buildConfigurations = (
				CEBE8A9B287A1B5400AC37C5 /* Debug */,
				CEBE8A9C287A1B5400AC37C5 /* Release */,
			);
			defaultConfigurationIsVisible = 0;
			defaultConfigurationName = Release;
		};
		CEBE8A9D287A1B5400AC37C5 /* Build configuration list for PBXNativeTarget "CardGames (iOS)" */ = {
			isa = XCConfigurationList;
			buildConfigurations = (
				CEBE8A9E287A1B5400AC37C5 /* Debug */,
				CEBE8A9F287A1B5400AC37C5 /* Release */,
			);
			defaultConfigurationIsVisible = 0;
			defaultConfigurationName = Release;
		};
		CEBE8AA0287A1B5400AC37C5 /* Build configuration list for PBXNativeTarget "CardGames (macOS)" */ = {
			isa = XCConfigurationList;
			buildConfigurations = (
				CEBE8AA1287A1B5400AC37C5 /* Debug */,
				CEBE8AA2287A1B5400AC37C5 /* Release */,
			);
			defaultConfigurationIsVisible = 0;
			defaultConfigurationName = Release;
		};
/* End XCConfigurationList section */
	};
	rootObject = CEBE8A80287A1B5300AC37C5 /* Project object */;
}
